Microsoft Visual Studio Solution File, Format Version 12.00
# Visual Studio Version 17
VisualStudioVersion = 17.5.2.0
MinimumVisualStudioVersion = 10.0.40219.1
Project("{FAE04EC0-301F-11D3-BF4B-00C04F79EFBC}") = "file", "examples\file.csproj", "{7BB3D196-7CC5-674A-5210-08B9545335CB}"
EndProject
Global
	GlobalSection(SolutionConfigurationPlatforms) = preSolution
		Debug|Any CPU = Debug|Any CPU
		Release|Any CPU = Release|Any CPU
	EndGlobalSection
	GlobalSection(ProjectConfigurationPlatforms) = postSolution
		{7BB3D196-7CC5-674A-5210-08B9545335CB}.Debug|Any CPU.ActiveCfg = Debug|Any CPU
		{7BB3D196-7CC5-674A-5210-08B9545335CB}.Debug|Any CPU.Build.0 = Debug|Any CPU
		{7BB3D196-7CC5-674A-5210-08B9545335CB}.Release|Any CPU.ActiveCfg = Release|Any CPU
		{7BB3D196-7CC5-674A-5210-08B9545335CB}.Release|Any CPU.Build.0 = Release|Any CPU
	EndGlobalSection
	GlobalSection(SolutionProperties) = preSolution
		HideSolutionNode = FALSE
	EndGlobalSection
	GlobalSection(ExtensibilityGlobals) = postSolution
		SolutionGuid = {BFEECBED-79CC-416A-8593-66A5EF2FD8A0}
	EndGlobalSection
EndGlobal
